
Microsoft Visual Studio Solution File, Format Version 11.00
# Visual Studio 2010
Project("{8BC9CEB8-8B4A-11D0-8D11-00A0C91BC942}") = "喻嘉兴H", "喻嘉兴H\喻嘉兴H.vcxproj", "{6D0900AF-FC29-442A-8926-EEB2AE8CEF76}"
EndProject
Global
	GlobalSection(SolutionConfigurationPlatforms) = preSolution
		Debug|Win32 = Debug|Win32
		Release|Win32 = Release|Win32
	EndGlobalSection
	GlobalSection(ProjectConfigurationPlatforms) = postSolution
		{6D0900AF-FC29-442A-8926-EEB2AE8CEF76}.Debug|Win32.ActiveCfg = Debug|Win32
		{6D0900AF-FC29-442A-8926-EEB2AE8CEF76}.Debug|Win32.Build.0 = Debug|Win32
		{6D0900AF-FC29-442A-8926-EEB2AE8CEF76}.Release|Win32.ActiveCfg = Release|Win32
		{6D0900AF-FC29-442A-8926-EEB2AE8CEF76}.Release|Win32.Build.0 = Release|Win32
	EndGlobalSection
	GlobalSection(SolutionProperties) = preSolution
		HideSolutionNode = FALSE
	EndGlobalSection
EndGlobal
