
Microsoft Visual Studio Solution File, Format Version 11.00
# Visual Studio 2010
Project("{8BC9CEB8-8B4A-11D0-8D11-00A0C91BC942}") = "喻嘉兴A", "喻嘉兴A\喻嘉兴A.vcxproj", "{C8319EBD-B57B-490C-A6A4-2401207E0AC6}"
EndProject
Global
	GlobalSection(SolutionConfigurationPlatforms) = preSolution
		Debug|Win32 = Debug|Win32
		Release|Win32 = Release|Win32
	EndGlobalSection
	GlobalSection(ProjectConfigurationPlatforms) = postSolution
		{C8319EBD-B57B-490C-A6A4-2401207E0AC6}.Debug|Win32.ActiveCfg = Debug|Win32
		{C8319EBD-B57B-490C-A6A4-2401207E0AC6}.Debug|Win32.Build.0 = Debug|Win32
		{C8319EBD-B57B-490C-A6A4-2401207E0AC6}.Release|Win32.ActiveCfg = Release|Win32
		{C8319EBD-B57B-490C-A6A4-2401207E0AC6}.Release|Win32.Build.0 = Release|Win32
	EndGlobalSection
	GlobalSection(SolutionProperties) = preSolution
		HideSolutionNode = FALSE
	EndGlobalSection
EndGlobal
